
Microsoft Visual Studio Solution File, Format Version 12.00
# Visual Studio Version 16
VisualStudioVersion = 16.0.28803.352
MinimumVisualStudioVersion = 10.0.40219.1
Project("{FAE04EC0-301F-11D3-BF4B-00C04F79EFBC}") = "RisonNet", "RisonNet\RisonNet.csproj", "{0C0C45DA-5F91-4553-88C9-D95A7470D8B0}"
EndProject
Project("{FAE04EC0-301F-11D3-BF4B-00C04F79EFBC}") = "RisonNet.Test", "RisonNet.Test\RisonNet.Test.csproj", "{1F4CA66F-AFEC-4254-8AEE-B2C45743D30B}"
EndProject
Global
	GlobalSection(SolutionConfigurationPlatforms) = preSolution
		Debug|Any CPU = Debug|Any CPU
		Release|Any CPU = Release|Any CPU
	EndGlobalSection
	GlobalSection(ProjectConfigurationPlatforms) = postSolution
		{0C0C45DA-5F91-4553-88C9-D95A7470D8B0}.Debug|Any CPU.ActiveCfg = Debug|Any CPU
		{0C0C45DA-5F91-4553-88C9-D95A7470D8B0}.Debug|Any CPU.Build.0 = Debug|Any CPU
		{0C0C45DA-5F91-4553-88C9-D95A7470D8B0}.Release|Any CPU.ActiveCfg = Release|Any CPU
		{0C0C45DA-5F91-4553-88C9-D95A7470D8B0}.Release|Any CPU.Build.0 = Release|Any CPU
		{1F4CA66F-AFEC-4254-8AEE-B2C45743D30B}.Debug|Any CPU.ActiveCfg = Debug|Any CPU
		{1F4CA66F-AFEC-4254-8AEE-B2C45743D30B}.Debug|Any CPU.Build.0 = Debug|Any CPU
		{1F4CA66F-AFEC-4254-8AEE-B2C45743D30B}.Release|Any CPU.ActiveCfg = Release|Any CPU
		{1F4CA66F-AFEC-4254-8AEE-B2C45743D30B}.Release|Any CPU.Build.0 = Release|Any CPU
	EndGlobalSection
	GlobalSection(SolutionProperties) = preSolution
		HideSolutionNode = FALSE
	EndGlobalSection
	GlobalSection(ExtensibilityGlobals) = postSolution
		SolutionGuid = {B0A46DD6-D3EA-4255-8806-657241CFB127}
	EndGlobalSection
EndGlobal
